
Microsoft Visual Studio Solution File, Format Version 12.00
# Visual Studio Version 17
VisualStudioVersion = 17.0.32014.148
MinimumVisualStudioVersion = 10.0.40219.1
Project("{FAE04EC0-301F-11D3-BF4B-00C04F79EFBC}") = "Test", "Test\Test.csproj", "{30BC66D4-76D0-4ADD-B310-B032C40FBDA9}"
EndProject
Global
	GlobalSection(SolutionConfigurationPlatforms) = preSolution
		Debug|Any CPU = Debug|Any CPU
		Release|Any CPU = Release|Any CPU
	EndGlobalSection
	GlobalSection(ProjectConfigurationPlatforms) = postSolution
		{30BC66D4-76D0-4ADD-B310-B032C40FBDA9}.Debug|Any CPU.ActiveCfg = Debug|Any CPU
		{30BC66D4-76D0-4ADD-B310-B032C40FBDA9}.Debug|Any CPU.Build.0 = Debug|Any CPU
		{30BC66D4-76D0-4ADD-B310-B032C40FBDA9}.Release|Any CPU.ActiveCfg = Release|Any CPU
		{30BC66D4-76D0-4ADD-B310-B032C40FBDA9}.Release|Any CPU.Build.0 = Release|Any CPU
	EndGlobalSection
	GlobalSection(SolutionProperties) = preSolution
		HideSolutionNode = FALSE
	EndGlobalSection
	GlobalSection(ExtensibilityGlobals) = postSolution
		SolutionGuid = {324F62A3-B3AE-41BD-8032-2C4334D37856}
	EndGlobalSection
EndGlobal
