
Microsoft Visual Studio Solution File, Format Version 12.00
# Visual Studio Version 17
VisualStudioVersion = 17.0.32014.148
MinimumVisualStudioVersion = 10.0.40219.1
Project("{FAE04EC0-301F-11D3-BF4B-00C04F79EFBC}") = "CSPC 1012 Lab 01", "CSPC 1012 Lab 01\CSPC 1012 Lab 01.csproj", "{A64186B7-CBE6-4ACD-87AD-D3A6624930F9}"
EndProject
Global
	GlobalSection(SolutionConfigurationPlatforms) = preSolution
		Debug|Any CPU = Debug|Any CPU
		Release|Any CPU = Release|Any CPU
	EndGlobalSection
	GlobalSection(ProjectConfigurationPlatforms) = postSolution
		{A64186B7-CBE6-4ACD-87AD-D3A6624930F9}.Debug|Any CPU.ActiveCfg = Debug|Any CPU
		{A64186B7-CBE6-4ACD-87AD-D3A6624930F9}.Debug|Any CPU.Build.0 = Debug|Any CPU
		{A64186B7-CBE6-4ACD-87AD-D3A6624930F9}.Release|Any CPU.ActiveCfg = Release|Any CPU
		{A64186B7-CBE6-4ACD-87AD-D3A6624930F9}.Release|Any CPU.Build.0 = Release|Any CPU
	EndGlobalSection
	GlobalSection(SolutionProperties) = preSolution
		HideSolutionNode = FALSE
	EndGlobalSection
	GlobalSection(ExtensibilityGlobals) = postSolution
		SolutionGuid = {B6C10C81-C41C-44AD-995C-811F963FB506}
	EndGlobalSection
EndGlobal
