
Microsoft Visual Studio Solution File, Format Version 12.00
# Visual Studio Version 17
VisualStudioVersion = 17.0.32112.339
MinimumVisualStudioVersion = 10.0.40219.1
Project("{FAE04EC0-301F-11D3-BF4B-00C04F79EFBC}") = "TryParseDemo", "TryParseDemo\TryParseDemo.csproj", "{B685DB1D-5B60-4BF1-8FD9-AC7A2794B8A6}"
EndProject
Global
	GlobalSection(SolutionConfigurationPlatforms) = preSolution
		Debug|Any CPU = Debug|Any CPU
		Release|Any CPU = Release|Any CPU
	EndGlobalSection
	GlobalSection(ProjectConfigurationPlatforms) = postSolution
		{B685DB1D-5B60-4BF1-8FD9-AC7A2794B8A6}.Debug|Any CPU.ActiveCfg = Debug|Any CPU
		{B685DB1D-5B60-4BF1-8FD9-AC7A2794B8A6}.Debug|Any CPU.Build.0 = Debug|Any CPU
		{B685DB1D-5B60-4BF1-8FD9-AC7A2794B8A6}.Release|Any CPU.ActiveCfg = Release|Any CPU
		{B685DB1D-5B60-4BF1-8FD9-AC7A2794B8A6}.Release|Any CPU.Build.0 = Release|Any CPU
	EndGlobalSection
	GlobalSection(SolutionProperties) = preSolution
		HideSolutionNode = FALSE
	EndGlobalSection
	GlobalSection(ExtensibilityGlobals) = postSolution
		SolutionGuid = {B5872D22-C241-40F7-955D-F528FF51BF1B}
	EndGlobalSection
EndGlobal
